
Microsoft Visual Studio Solution File, Format Version 12.00
# Visual Studio Version 17
VisualStudioVersion = 17.7.34031.279
MinimumVisualStudioVersion = 10.0.40219.1
Project("{F184B08F-C81C-45F6-A57F-5ABD9991F28F}") = "customising the the form", "customising the the form.vbproj", "{B196860F-7BCA-4612-9A85-EE3CE893ADCE}"
EndProject
Global
	GlobalSection(SolutionConfigurationPlatforms) = preSolution
		Debug|Any CPU = Debug|Any CPU
		Release|Any CPU = Release|Any CPU
	EndGlobalSection
	GlobalSection(ProjectConfigurationPlatforms) = postSolution
		{B196860F-7BCA-4612-9A85-EE3CE893ADCE}.Debug|Any CPU.ActiveCfg = Debug|Any CPU
		{B196860F-7BCA-4612-9A85-EE3CE893ADCE}.Debug|Any CPU.Build.0 = Debug|Any CPU
		{B196860F-7BCA-4612-9A85-EE3CE893ADCE}.Release|Any CPU.ActiveCfg = Release|Any CPU
		{B196860F-7BCA-4612-9A85-EE3CE893ADCE}.Release|Any CPU.Build.0 = Release|Any CPU
	EndGlobalSection
	GlobalSection(SolutionProperties) = preSolution
		HideSolutionNode = FALSE
	EndGlobalSection
	GlobalSection(ExtensibilityGlobals) = postSolution
		SolutionGuid = {7A54260F-02B7-45B7-9E11-8BFDB51E82C9}
	EndGlobalSection
EndGlobal
